// !$*UTF8*$!
{
	archiveVersion = 1;
	classes = {
	};
	objectVersion = 50;
	objects = {

/* Begin PBXBuildFile section */
		CE1A5153229EFBF90080A19A /* bomb.png in Resources */ = {isa = PBXBuildFile; fileRef = CE1A5152229EFBF90080A19A /* bomb.png */; };
		CE1A515522A09C360080A19A /* play-button.png in Resources */ = {isa = PBXBuildFile; fileRef = CE1A515422A09C360080A19A /* play-button.png */; };
		CE1A515B22A0B2680080A19A /* frame-3.png in Resources */ = {isa = PBXBuildFile; fileRef = CE1A515622A0B2680080A19A /* frame-3.png */; };
		CE1A515C22A0B2680080A19A /* frame-1.png in Resources */ = {isa = PBXBuildFile; fileRef = CE1A515722A0B2680080A19A /* frame-1.png */; };
		CE1A515D22A0B2680080A19A /* frame-2.png in Resources */ = {isa = PBXBuildFile; fileRef = CE1A515822A0B2680080A19A /* frame-2.png */; };
		CE1A515E22A0B2680080A19A /* frame-5.png in Resources */ = {isa = PBXBuildFile; fileRef = CE1A515922A0B2680080A19A /* frame-5.png */; };
		CE1A515F22A0B2680080A19A /* frame-4.png in Resources */ = {isa = PBXBuildFile; fileRef = CE1A515A22A0B2680080A19A /* frame-4.png */; };
		CE1A516322A173540080A19A /* grass-2.png in Resources */ = {isa = PBXBuildFile; fileRef = CE1A516222A173540080A19A /* grass-2.png */; };
		CE2F1BBF2283840500495B3A /* AppDelegate.swift in Sources */ = {isa = PBXBuildFile; fileRef = CE2F1BBE2283840500495B3A /* AppDelegate.swift */; };
		CE2F1BC12283840500495B3A /* GameScene.sks in Resources */ = {isa = PBXBuildFile; fileRef = CE2F1BC02283840500495B3A /* GameScene.sks */; };
		CE2F1BC32283840500495B3A /* Actions.sks in Resources */ = {isa = PBXBuildFile; fileRef = CE2F1BC22283840500495B3A /* Actions.sks */; };
		CE2F1BC52283840500495B3A /* GameScene.swift in Sources */ = {isa = PBXBuildFile; fileRef = CE2F1BC42283840500495B3A /* GameScene.swift */; };
		CE2F1BC72283840500495B3A /* GameViewController.swift in Sources */ = {isa = PBXBuildFile; fileRef = CE2F1BC62283840500495B3A /* GameViewController.swift */; };
		CE2F1BCA2283840500495B3A /* Main.storyboard in Resources */ = {isa = PBXBuildFile; fileRef = CE2F1BC82283840500495B3A /* Main.storyboard */; };
		CE2F1BCC2283840700495B3A /* Assets.xcassets in Resources */ = {isa = PBXBuildFile; fileRef = CE2F1BCB2283840700495B3A /* Assets.xcassets */; };
		CE2F1BCF2283840700495B3A /* LaunchScreen.storyboard in Resources */ = {isa = PBXBuildFile; fileRef = CE2F1BCD2283840700495B3A /* LaunchScreen.storyboard */; };
		CE2F1BDA2283840700495B3A /* Coin_JumoTests.swift in Sources */ = {isa = PBXBuildFile; fileRef = CE2F1BD92283840700495B3A /* Coin_JumoTests.swift */; };
		CE2F1BE52283840700495B3A /* Coin_JumoUITests.swift in Sources */ = {isa = PBXBuildFile; fileRef = CE2F1BE42283840700495B3A /* Coin_JumoUITests.swift */; };
		CEABCFC5229DDDB00073D586 /* coin.png in Resources */ = {isa = PBXBuildFile; fileRef = CEABCFC4229DDDB00073D586 /* coin.png */; };
/* End PBXBuildFile section */

/* Begin PBXContainerItemProxy section */
		CE2F1BD62283840700495B3A /* PBXContainerItemProxy */ = {
			isa = PBXContainerItemProxy;
			containerPortal = CE2F1BB32283840500495B3A /* Project object */;
			proxyType = 1;
			remoteGlobalIDString = CE2F1BBA2283840500495B3A;
			remoteInfo = "Coin Jumo";
		};
		CE2F1BE12283840700495B3A /* PBXContainerItemProxy */ = {
			isa = PBXContainerItemProxy;
			containerPortal = CE2F1BB32283840500495B3A /* Project object */;
			proxyType = 1;
			remoteGlobalIDString = CE2F1BBA2283840500495B3A;
			remoteInfo = "Coin Jumo";
		};
/* End PBXContainerItemProxy section */

/* Begin PBXFileReference section */
		CE1A5152229EFBF90080A19A /* bomb.png */ = {isa = PBXFileReference; lastKnownFileType = image.png; path = bomb.png; sourceTree = "<group>"; };
		CE1A515422A09C360080A19A /* play-button.png */ = {isa = PBXFileReference; lastKnownFileType = image.png; path = "play-button.png"; sourceTree = "<group>"; };
		CE1A515622A0B2680080A19A /* frame-3.png */ = {isa = PBXFileReference; lastKnownFileType = image.png; path = "frame-3.png"; sourceTree = "<group>"; };
		CE1A515722A0B2680080A19A /* frame-1.png */ = {isa = PBXFileReference; lastKnownFileType = image.png; path = "frame-1.png"; sourceTree = "<group>"; };
		CE1A515822A0B2680080A19A /* frame-2.png */ = {isa = PBXFileReference; lastKnownFileType = image.png; path = "frame-2.png"; sourceTree = "<group>"; };
		CE1A515922A0B2680080A19A /* frame-5.png */ = {isa = PBXFileReference; lastKnownFileType = image.png; path = "frame-5.png"; sourceTree = "<group>"; };
		CE1A515A22A0B2680080A19A /* frame-4.png */ = {isa = PBXFileReference; lastKnownFileType = image.png; path = "frame-4.png"; sourceTree = "<group>"; };
		CE1A516222A173540080A19A /* grass-2.png */ = {isa = PBXFileReference; lastKnownFileType = image.png; path = "grass-2.png"; sourceTree = "<group>"; };
		CE2F1BBB2283840500495B3A /* Coin Jumo.app */ = {isa = PBXFileReference; explicitFileType = wrapper.application; includeInIndex = 0; path = "Coin Jumo.app"; sourceTree = BUILT_PRODUCTS_DIR; };
		CE2F1BBE2283840500495B3A /* AppDelegate.swift */ = {isa = PBXFileReference; lastKnownFileType = sourcecode.swift; path = AppDelegate.swift; sourceTree = "<group>"; };
		CE2F1BC02283840500495B3A /* GameScene.sks */ = {isa = PBXFileReference; lastKnownFileType = file.sks; path = GameScene.sks; sourceTree = "<group>"; };
		CE2F1BC22283840500495B3A /* Actions.sks */ = {isa = PBXFileReference; lastKnownFileType = file.sks; path = Actions.sks; sourceTree = "<group>"; };
		CE2F1BC42283840500495B3A /* GameScene.swift */ = {isa = PBXFileReference; lastKnownFileType = sourcecode.swift; path = GameScene.swift; sourceTree = "<group>"; };
		CE2F1BC62283840500495B3A /* GameViewController.swift */ = {isa = PBXFileReference; lastKnownFileType = sourcecode.swift; path = GameViewController.swift; sourceTree = "<group>"; };
		CE2F1BC92283840500495B3A /* Base */ = {isa = PBXFileReference; lastKnownFileType = file.storyboard; name = Base; path = Base.lproj/Main.storyboard; sourceTree = "<group>"; };
		CE2F1BCB2283840700495B3A /* Assets.xcassets */ = {isa = PBXFileReference; lastKnownFileType = folder.assetcatalog; path = Assets.xcassets; sourceTree = "<group>"; };
		CE2F1BCE2283840700495B3A /* Base */ = {isa = PBXFileReference; lastKnownFileType = file.storyboard; name = Base; path = Base.lproj/LaunchScreen.storyboard; sourceTree = "<group>"; };
		CE2F1BD02283840700495B3A /* Info.plist */ = {isa = PBXFileReference; lastKnownFileType = text.plist.xml; path = Info.plist; sourceTree = "<group>"; };
		CE2F1BD52283840700495B3A /* Coin JumoTests.xctest */ = {isa = PBXFileReference; explicitFileType = wrapper.cfbundle; includeInIndex = 0; path = "Coin JumoTests.xctest"; sourceTree = BUILT_PRODUCTS_DIR; };
		CE2F1BD92283840700495B3A /* Coin_JumoTests.swift */ = {isa = PBXFileReference; lastKnownFileType = sourcecode.swift; path = Coin_JumoTests.swift; sourceTree = "<group>"; };
		CE2F1BDB2283840700495B3A /* Info.plist */ = {isa = PBXFileReference; lastKnownFileType = text.plist.xml; path = Info.plist; sourceTree = "<group>"; };
		CE2F1BE02283840700495B3A /* Coin JumoUITests.xctest */ = {isa = PBXFileReference; explicitFileType = wrapper.cfbundle; includeInIndex = 0; path = "Coin JumoUITests.xctest"; sourceTree = BUILT_PRODUCTS_DIR; };
		CE2F1BE42283840700495B3A /* Coin_JumoUITests.swift */ = {isa = PBXFileReference; lastKnownFileType = sourcecode.swift; path = Coin_JumoUITests.swift; sourceTree = "<group>"; };
		CE2F1BE62283840700495B3A /* Info.plist */ = {isa = PBXFileReference; lastKnownFileType = text.plist.xml; path = Info.plist; sourceTree = "<group>"; };
		CEABCFC4229DDDB00073D586 /* coin.png */ = {isa = PBXFileReference; lastKnownFileType = image.png; path = coin.png; sourceTree = "<group>"; };
/* End PBXFileReference section */

/* Begin PBXFrameworksBuildPhase section */
		CE2F1BB82283840500495B3A /* Frameworks */ = {
			isa = PBXFrameworksBuildPhase;
			buildActionMask = 2147483647;
			files = (
			);
			runOnlyForDeploymentPostprocessing = 0;
		};
		CE2F1BD22283840700495B3A /* Frameworks */ = {
			isa = PBXFrameworksBuildPhase;
			buildActionMask = 2147483647;
			files = (
			);
			runOnlyForDeploymentPostprocessing = 0;
		};
		CE2F1BDD2283840700495B3A /* Frameworks */ = {
			isa = PBXFrameworksBuildPhase;
			buildActionMask = 2147483647;
			files = (
			);
			runOnlyForDeploymentPostprocessing = 0;
		};
/* End PBXFrameworksBuildPhase section */

/* Begin PBXGroup section */
		CE2F1BB22283840500495B3A = {
			isa = PBXGroup;
			children = (
				CE2F1BBD2283840500495B3A /* Coin Jumo */,
				CE2F1BD82283840700495B3A /* Coin JumoTests */,
				CE2F1BE32283840700495B3A /* Coin JumoUITests */,
				CE2F1BBC2283840500495B3A /* Products */,
			);
			sourceTree = "<group>";
		};
		CE2F1BBC2283840500495B3A /* Products */ = {
			isa = PBXGroup;
			children = (
				CE2F1BBB2283840500495B3A /* Coin Jumo.app */,
				CE2F1BD52283840700495B3A /* Coin JumoTests.xctest */,
				CE2F1BE02283840700495B3A /* Coin JumoUITests.xctest */,
			);
			name = Products;
			sourceTree = "<group>";
		};
		CE2F1BBD2283840500495B3A /* Coin Jumo */ = {
			isa = PBXGroup;
			children = (
				CE2F1BBE2283840500495B3A /* AppDelegate.swift */,
				CE2F1BC02283840500495B3A /* GameScene.sks */,
				CE1A5152229EFBF90080A19A /* bomb.png */,
				CE2F1BC22283840500495B3A /* Actions.sks */,
				CE2F1BC42283840500495B3A /* GameScene.swift */,
				CE1A515722A0B2680080A19A /* frame-1.png */,
				CE1A515822A0B2680080A19A /* frame-2.png */,
				CE1A515622A0B2680080A19A /* frame-3.png */,
				CE1A515A22A0B2680080A19A /* frame-4.png */,
				CE1A515922A0B2680080A19A /* frame-5.png */,
				CE1A515422A09C360080A19A /* play-button.png */,
				CE2F1BC62283840500495B3A /* GameViewController.swift */,
				CE2F1BC82283840500495B3A /* Main.storyboard */,
				CEABCFC4229DDDB00073D586 /* coin.png */,
				CE2F1BCB2283840700495B3A /* Assets.xcassets */,
				CE1A516222A173540080A19A /* grass-2.png */,
				CE2F1BCD2283840700495B3A /* LaunchScreen.storyboard */,
				CE2F1BD02283840700495B3A /* Info.plist */,
			);
			path = "Coin Jumo";
			sourceTree = "<group>";
		};
		CE2F1BD82283840700495B3A /* Coin JumoTests */ = {
			isa = PBXGroup;
			children = (
				CE2F1BD92283840700495B3A /* Coin_JumoTests.swift */,
				CE2F1BDB2283840700495B3A /* Info.plist */,
			);
			path = "Coin JumoTests";
			sourceTree = "<group>";
		};
		CE2F1BE32283840700495B3A /* Coin JumoUITests */ = {
			isa = PBXGroup;
			children = (
				CE2F1BE42283840700495B3A /* Coin_JumoUITests.swift */,
				CE2F1BE62283840700495B3A /* Info.plist */,
			);
			path = "Coin JumoUITests";
			sourceTree = "<group>";
		};
/* End PBXGroup section */

/* Begin PBXNativeTarget section */
		CE2F1BBA2283840500495B3A /* Coin Jumo */ = {
			isa = PBXNativeTarget;
			buildConfigurationList = CE2F1BE92283840700495B3A /* Build configuration list for PBXNativeTarget "Coin Jumo" */;
			buildPhases = (
				CE2F1BB72283840500495B3A /* Sources */,
				CE2F1BB82283840500495B3A /* Frameworks */,
				CE2F1BB92283840500495B3A /* Resources */,
			);
			buildRules = (
			);
			dependencies = (
			);
			name = "Coin Jumo";
			productName = "Coin Jumo";
			productReference = CE2F1BBB2283840500495B3A /* Coin Jumo.app */;
			productType = "com.apple.product-type.application";
		};
		CE2F1BD42283840700495B3A /* Coin JumoTests */ = {
			isa = PBXNativeTarget;
			buildConfigurationList = CE2F1BEC2283840700495B3A /* Build configuration list for PBXNativeTarget "Coin JumoTests" */;
			buildPhases = (
				CE2F1BD12283840700495B3A /* Sources */,
				CE2F1BD22283840700495B3A /* Frameworks */,
				CE2F1BD32283840700495B3A /* Resources */,
			);
			buildRules = (
			);
			dependencies = (
				CE2F1BD72283840700495B3A /* PBXTargetDependency */,
			);
			name = "Coin JumoTests";
			productName = "Coin JumoTests";
			productReference = CE2F1BD52283840700495B3A /* Coin JumoTests.xctest */;
			productType = "com.apple.product-type.bundle.unit-test";
		};
		CE2F1BDF2283840700495B3A /* Coin JumoUITests */ = {
			isa = PBXNativeTarget;
			buildConfigurationList = CE2F1BEF2283840700495B3A /* Build configuration list for PBXNativeTarget "Coin JumoUITests" */;
			buildPhases = (
				CE2F1BDC2283840700495B3A /* Sources */,
				CE2F1BDD2283840700495B3A /* Frameworks */,
				CE2F1BDE2283840700495B3A /* Resources */,
			);
			buildRules = (
			);
			dependencies = (
				CE2F1BE22283840700495B3A /* PBXTargetDependency */,
			);
			name = "Coin JumoUITests";
			productName = "Coin JumoUITests";
			productReference = CE2F1BE02283840700495B3A /* Coin JumoUITests.xctest */;
			productType = "com.apple.product-type.bundle.ui-testing";
		};
/* End PBXNativeTarget section */

/* Begin PBXProject section */
		CE2F1BB32283840500495B3A /* Project object */ = {
			isa = PBXProject;
			attributes = {
				LastSwiftUpdateCheck = 1020;
				LastUpgradeCheck = 1020;
				ORGANIZATIONNAME = "Wilmer sinchi";
				TargetAttributes = {
					CE2F1BBA2283840500495B3A = {
						CreatedOnToolsVersion = 10.2;
					};
					CE2F1BD42283840700495B3A = {
						CreatedOnToolsVersion = 10.2;
						TestTargetID = CE2F1BBA2283840500495B3A;
					};
					CE2F1BDF2283840700495B3A = {
						CreatedOnToolsVersion = 10.2;
						TestTargetID = CE2F1BBA2283840500495B3A;
					};
				};
			};
			buildConfigurationList = CE2F1BB62283840500495B3A /* Build configuration list for PBXProject "Coin Jumo" */;
			compatibilityVersion = "Xcode 9.3";
			developmentRegion = en;
			hasScannedForEncodings = 0;
			knownRegions = (
				en,
				Base,
			);
			mainGroup = CE2F1BB22283840500495B3A;
			productRefGroup = CE2F1BBC2283840500495B3A /* Products */;
			projectDirPath = "";
			projectRoot = "";
			targets = (
				CE2F1BBA2283840500495B3A /* Coin Jumo */,
				CE2F1BD42283840700495B3A /* Coin JumoTests */,
				CE2F1BDF2283840700495B3A /* Coin JumoUITests */,
			);
		};
/* End PBXProject section */

/* Begin PBXResourcesBuildPhase section */
		CE2F1BB92283840500495B3A /* Resources */ = {
			isa = PBXResourcesBuildPhase;
			buildActionMask = 2147483647;
			files = (
				CE1A5153229EFBF90080A19A /* bomb.png in Resources */,
				CE1A515B22A0B2680080A19A /* frame-3.png in Resources */,
				CE1A515F22A0B2680080A19A /* frame-4.png in Resources */,
				CE1A515522A09C360080A19A /* play-button.png in Resources */,
				CE2F1BCA2283840500495B3A /* Main.storyboard in Resources */,
				CE2F1BC12283840500495B3A /* GameScene.sks in Resources */,
				CE1A515D22A0B2680080A19A /* frame-2.png in Resources */,
				CE1A515C22A0B2680080A19A /* frame-1.png in Resources */,
				CE1A515E22A0B2680080A19A /* frame-5.png in Resources */,
				CE1A516322A173540080A19A /* grass-2.png in Resources */,
				CEABCFC5229DDDB00073D586 /* coin.png in Resources */,
				CE2F1BCC2283840700495B3A /* Assets.xcassets in Resources */,
				CE2F1BCF2283840700495B3A /* LaunchScreen.storyboard in Resources */,
				CE2F1BC32283840500495B3A /* Actions.sks in Resources */,
			);
			runOnlyForDeploymentPostprocessing = 0;
		};
		CE2F1BD32283840700495B3A /* Resources */ = {
			isa = PBXResourcesBuildPhase;
			buildActionMask = 2147483647;
			files = (
			);
			runOnlyForDeploymentPostprocessing = 0;
		};
		CE2F1BDE2283840700495B3A /* Resources */ = {
			isa = PBXResourcesBuildPhase;
			buildActionMask = 2147483647;
			files = (
			);
			runOnlyForDeploymentPostprocessing = 0;
		};
/* End PBXResourcesBuildPhase section */

/* Begin PBXSourcesBuildPhase section */
		CE2F1BB72283840500495B3A /* Sources */ = {
			isa = PBXSourcesBuildPhase;
			buildActionMask = 2147483647;
			files = (
				CE2F1BC52283840500495B3A /* GameScene.swift in Sources */,
				CE2F1BC72283840500495B3A /* GameViewController.swift in Sources */,
				CE2F1BBF2283840500495B3A /* AppDelegate.swift in Sources */,
			);
			runOnlyForDeploymentPostprocessing = 0;
		};
		CE2F1BD12283840700495B3A /* Sources */ = {
			isa = PBXSourcesBuildPhase;
			buildActionMask = 2147483647;
			files = (
				CE2F1BDA2283840700495B3A /* Coin_JumoTests.swift in Sources */,
			);
			runOnlyForDeploymentPostprocessing = 0;
		};
		CE2F1BDC2283840700495B3A /* Sources */ = {
			isa = PBXSourcesBuildPhase;
			buildActionMask = 2147483647;
			files = (
				CE2F1BE52283840700495B3A /* Coin_JumoUITests.swift in Sources */,
			);
			runOnlyForDeploymentPostprocessing = 0;
		};
/* End PBXSourcesBuildPhase section */

/* Begin PBXTargetDependency section */
		CE2F1BD72283840700495B3A /* PBXTargetDependency */ = {
			isa = PBXTargetDependency;
			target = CE2F1BBA2283840500495B3A /* Coin Jumo */;
			targetProxy = CE2F1BD62283840700495B3A /* PBXContainerItemProxy */;
		};
		CE2F1BE22283840700495B3A /* PBXTargetDependency */ = {
			isa = PBXTargetDependency;
			target = CE2F1BBA2283840500495B3A /* Coin Jumo */;
			targetProxy = CE2F1BE12283840700495B3A /* PBXContainerItemProxy */;
		};
/* End PBXTargetDependency section */

/* Begin PBXVariantGroup section */
		CE2F1BC82283840500495B3A /* Main.storyboard */ = {
			isa = PBXVariantGroup;
			children = (
				CE2F1BC92283840500495B3A /* Base */,
			);
			name = Main.storyboard;
			sourceTree = "<group>";
		};
		CE2F1BCD2283840700495B3A /* LaunchScreen.storyboard */ = {
			isa = PBXVariantGroup;
			children = (
				CE2F1BCE2283840700495B3A /* Base */,
			);
			name = LaunchScreen.storyboard;
			sourceTree = "<group>";
		};
/* End PBXVariantGroup section */

/* Begin XCBuildConfiguration section */
		CE2F1BE72283840700495B3A /* Debug */ = {
			isa = XCBuildConfiguration;
			buildSettings = {
				ALWAYS_SEARCH_USER_PATHS = NO;
				CLANG_ANALYZER_NONNULL = YES;
				CLANG_ANALYZER_NUMBER_OBJECT_CONVERSION = YES_AGGRESSIVE;
				CLANG_CXX_LANGUAGE_STANDARD = "gnu++14";
				CLANG_CXX_LIBRARY = "libc++";
				CLANG_ENABLE_MODULES = YES;
				CLANG_ENABLE_OBJC_ARC = YES;
				CLANG_ENABLE_OBJC_WEAK = YES;
				CLANG_WARN_BLOCK_CAPTURE_AUTORELEASING = YES;
				CLANG_WARN_BOOL_CONVERSION = YES;
				CLANG_WARN_COMMA = YES;
				CLANG_WARN_CONSTANT_CONVERSION = YES;
				CLANG_WARN_DEPRECATED_OBJC_IMPLEMENTATIONS = YES;
				CLANG_WARN_DIRECT_OBJC_ISA_USAGE = YES_ERROR;
				CLANG_WARN_DOCUMENTATION_COMMENTS = YES;
				CLANG_WARN_EMPTY_BODY = YES;
				CLANG_WARN_ENUM_CONVERSION = YES;
				CLANG_WARN_INFINITE_RECURSION = YES;
				CLANG_WARN_INT_CONVERSION = YES;
				CLANG_WARN_NON_LITERAL_NULL_CONVERSION = YES;
				CLANG_WARN_OBJC_IMPLICIT_RETAIN_SELF = YES;
				CLANG_WARN_OBJC_LITERAL_CONVERSION = YES;
				CLANG_WARN_OBJC_ROOT_CLASS = YES_ERROR;
				CLANG_WARN_RANGE_LOOP_ANALYSIS = YES;
				CLANG_WARN_STRICT_PROTOTYPES = YES;
				CLANG_WARN_SUSPICIOUS_MOVE = YES;
				CLANG_WARN_UNGUARDED_AVAILABILITY = YES_AGGRESSIVE;
				CLANG_WARN_UNREACHABLE_CODE = YES;
				CLANG_WARN__DUPLICATE_METHOD_MATCH = YES;
				CODE_SIGN_IDENTITY = "iPhone Developer";
				COPY_PHASE_STRIP = NO;
				DEBUG_INFORMATION_FORMAT = dwarf;
				ENABLE_STRICT_OBJC_MSGSEND = YES;
				ENABLE_TESTABILITY = YES;
				GCC_C_LANGUAGE_STANDARD = gnu11;
				GCC_DYNAMIC_NO_PIC = NO;
				GCC_NO_COMMON_BLOCKS = YES;
				GCC_OPTIMIZATION_LEVEL = 0;
				GCC_PREPROCESSOR_DEFINITIONS = (
					"DEBUG=1",
					"$(inherited)",
				);
				GCC_WARN_64_TO_32_BIT_CONVERSION = YES;
				GCC_WARN_ABOUT_RETURN_TYPE = YES_ERROR;
				GCC_WARN_UNDECLARED_SELECTOR = YES;
				GCC_WARN_UNINITIALIZED_AUTOS = YES_AGGRESSIVE;
				GCC_WARN_UNUSED_FUNCTION = YES;
				GCC_WARN_UNUSED_VARIABLE = YES;
				IPHONEOS_DEPLOYMENT_TARGET = 12.2;
				MTL_ENABLE_DEBUG_INFO = INCLUDE_SOURCE;
				MTL_FAST_MATH = YES;
				ONLY_ACTIVE_ARCH = YES;
				SDKROOT = iphoneos;
				SWIFT_ACTIVE_COMPILATION_CONDITIONS = DEBUG;
				SWIFT_OPTIMIZATION_LEVEL = "-Onone";
			};
			name = Debug;
		};
		CE2F1BE82283840700495B3A /* Release */ = {
			isa = XCBuildConfiguration;
			buildSettings = {
				ALWAYS_SEARCH_USER_PATHS = NO;
				CLANG_ANALYZER_NONNULL = YES;
				CLANG_ANALYZER_NUMBER_OBJECT_CONVERSION = YES_AGGRESSIVE;
				CLANG_CXX_LANGUAGE_STANDARD = "gnu++14";
				CLANG_CXX_LIBRARY = "libc++";
				CLANG_ENABLE_MODULES = YES;
				CLANG_ENABLE_OBJC_ARC = YES;
				CLANG_ENABLE_OBJC_WEAK = YES;
				CLANG_WARN_BLOCK_CAPTURE_AUTORELEASING = YES;
				CLANG_WARN_BOOL_CONVERSION = YES;
				CLANG_WARN_COMMA = YES;
				CLANG_WARN_CONSTANT_CONVERSION = YES;
				CLANG_WARN_DEPRECATED_OBJC_IMPLEMENTATIONS = YES;
				CLANG_WARN_DIRECT_OBJC_ISA_USAGE = YES_ERROR;
				CLANG_WARN_DOCUMENTATION_COMMENTS = YES;
				CLANG_WARN_EMPTY_BODY = YES;
				CLANG_WARN_ENUM_CONVERSION = YES;
				CLANG_WARN_INFINITE_RECURSION = YES;
				CLANG_WARN_INT_CONVERSION = YES;
				CLANG_WARN_NON_LITERAL_NULL_CONVERSION = YES;
				CLANG_WARN_OBJC_IMPLICIT_RETAIN_SELF = YES;
				CLANG_WARN_OBJC_LITERAL_CONVERSION = YES;
				CLANG_WARN_OBJC_ROOT_CLASS = YES_ERROR;
				CLANG_WARN_RANGE_LOOP_ANALYSIS = YES;
				CLANG_WARN_STRICT_PROTOTYPES = YES;
				CLANG_WARN_SUSPICIOUS_MOVE = YES;
				CLANG_WARN_UNGUARDED_AVAILABILITY = YES_AGGRESSIVE;
				CLANG_WARN_UNREACHABLE_CODE = YES;
				CLANG_WARN__DUPLICATE_METHOD_MATCH = YES;
				CODE_SIGN_IDENTITY = "iPhone Developer";
				COPY_PHASE_STRIP = NO;
				DEBUG_INFORMATION_FORMAT = "dwarf-with-dsym";
				ENABLE_NS_ASSERTIONS = NO;
				ENABLE_STRICT_OBJC_MSGSEND = YES;
				GCC_C_LANGUAGE_STANDARD = gnu11;
				GCC_NO_COMMON_BLOCKS = YES;
				GCC_WARN_64_TO_32_BIT_CONVERSION = YES;
				GCC_WARN_ABOUT_RETURN_TYPE = YES_ERROR;
				GCC_WARN_UNDECLARED_SELECTOR = YES;
				GCC_WARN_UNINITIALIZED_AUTOS = YES_AGGRESSIVE;
				GCC_WARN_UNUSED_FUNCTION = YES;
				GCC_WARN_UNUSED_VARIABLE = YES;
				IPHONEOS_DEPLOYMENT_TARGET = 12.2;
				MTL_ENABLE_DEBUG_INFO = NO;
				MTL_FAST_MATH = YES;
				SDKROOT = iphoneos;
				SWIFT_COMPILATION_MODE = wholemodule;
				SWIFT_OPTIMIZATION_LEVEL = "-O";
				VALIDATE_PRODUCT = YES;
			};
			name = Release;
		};
		CE2F1BEA2283840700495B3A /* Debug */ = {
			isa = XCBuildConfiguration;
			buildSettings = {
				ASSETCATALOG_COMPILER_APPICON_NAME = AppIcon;
				CODE_SIGN_STYLE = Automatic;
				DEVELOPMENT_TEAM = G9Q29J355M;
				INFOPLIST_FILE = "Coin Jumo/Info.plist";
				LD_RUNPATH_SEARCH_PATHS = (
					"$(inherited)",
					"@executable_path/Frameworks",
				);
				PRODUCT_BUNDLE_IDENTIFIER = "com.ttt.algoandcoding.Coin-Jumo";
				PRODUCT_NAME = "$(TARGET_NAME)";
				SWIFT_VERSION = 5.0;
				TARGETED_DEVICE_FAMILY = "1,2";
			};
			name = Debug;
		};
		CE2F1BEB2283840700495B3A /* Release */ = {
			isa = XCBuildConfiguration;
			buildSettings = {
				ASSETCATALOG_COMPILER_APPICON_NAME = AppIcon;
				CODE_SIGN_STYLE = Automatic;
				DEVELOPMENT_TEAM = G9Q29J355M;
				INFOPLIST_FILE = "Coin Jumo/Info.plist";
				LD_RUNPATH_SEARCH_PATHS = (
					"$(inherited)",
					"@executable_path/Frameworks",
				);
				PRODUCT_BUNDLE_IDENTIFIER = "com.ttt.algoandcoding.Coin-Jumo";
				PRODUCT_NAME = "$(TARGET_NAME)";
				SWIFT_VERSION = 5.0;
				TARGETED_DEVICE_FAMILY = "1,2";
			};
			name = Release;
		};
		CE2F1BED2283840700495B3A /* Debug */ = {
			isa = XCBuildConfiguration;
			buildSettings = {
				ALWAYS_EMBED_SWIFT_STANDARD_LIBRARIES = YES;
				BUNDLE_LOADER = "$(TEST_HOST)";
				CODE_SIGN_STYLE = Automatic;
				DEVELOPMENT_TEAM = G9Q29J355M;
				INFOPLIST_FILE = "Coin JumoTests/Info.plist";
				LD_RUNPATH_SEARCH_PATHS = (
					"$(inherited)",
					"@executable_path/Frameworks",
					"@loader_path/Frameworks",
				);
				PRODUCT_BUNDLE_IDENTIFIER = "com.ttt.algoandcoding.Coin-JumoTests";
				PRODUCT_NAME = "$(TARGET_NAME)";
				SWIFT_VERSION = 5.0;
				TARGETED_DEVICE_FAMILY = "1,2";
				TEST_HOST = "$(BUILT_PRODUCTS_DIR)/Coin Jumo.app/Coin Jumo";
			};
			name = Debug;
		};
		CE2F1BEE2283840700495B3A /* Release */ = {
			isa = XCBuildConfiguration;
			buildSettings = {
				ALWAYS_EMBED_SWIFT_STANDARD_LIBRARIES = YES;
				BUNDLE_LOADER = "$(TEST_HOST)";
				CODE_SIGN_STYLE = Automatic;
				DEVELOPMENT_TEAM = G9Q29J355M;
				INFOPLIST_FILE = "Coin JumoTests/Info.plist";
				LD_RUNPATH_SEARCH_PATHS = (
					"$(inherited)",
					"@executable_path/Frameworks",
					"@loader_path/Frameworks",
				);
				PRODUCT_BUNDLE_IDENTIFIER = "com.ttt.algoandcoding.Coin-JumoTests";
				PRODUCT_NAME = "$(TARGET_NAME)";
				SWIFT_VERSION = 5.0;
				TARGETED_DEVICE_FAMILY = "1,2";
				TEST_HOST = "$(BUILT_PRODUCTS_DIR)/Coin Jumo.app/Coin Jumo";
			};
			name = Release;
		};
		CE2F1BF02283840700495B3A /* Debug */ = {
			isa = XCBuildConfiguration;
			buildSettings = {
				ALWAYS_EMBED_SWIFT_STANDARD_LIBRARIES = YES;
				CODE_SIGN_STYLE = Automatic;
				DEVELOPMENT_TEAM = G9Q29J355M;
				INFOPLIST_FILE = "Coin JumoUITests/Info.plist";
				LD_RUNPATH_SEARCH_PATHS = (
					"$(inherited)",
					"@executable_path/Frameworks",
					"@loader_path/Frameworks",
				);
				PRODUCT_BUNDLE_IDENTIFIER = "com.ttt.algoandcoding.Coin-JumoUITests";
				PRODUCT_NAME = "$(TARGET_NAME)";
				SWIFT_VERSION = 5.0;
				TARGETED_DEVICE_FAMILY = "1,2";
				TEST_TARGET_NAME = "Coin Jumo";
			};
			name = Debug;
		};
		CE2F1BF12283840700495B3A /* Release */ = {
			isa = XCBuildConfiguration;
			buildSettings = {
				ALWAYS_EMBED_SWIFT_STANDARD_LIBRARIES = YES;
				CODE_SIGN_STYLE = Automatic;
				DEVELOPMENT_TEAM = G9Q29J355M;
				INFOPLIST_FILE = "Coin JumoUITests/Info.plist";
				LD_RUNPATH_SEARCH_PATHS = (
					"$(inherited)",
					"@executable_path/Frameworks",
					"@loader_path/Frameworks",
				);
				PRODUCT_BUNDLE_IDENTIFIER = "com.ttt.algoandcoding.Coin-JumoUITests";
				PRODUCT_NAME = "$(TARGET_NAME)";
				SWIFT_VERSION = 5.0;
				TARGETED_DEVICE_FAMILY = "1,2";
				TEST_TARGET_NAME = "Coin Jumo";
			};
			name = Release;
		};
/* End XCBuildConfiguration section */

/* Begin XCConfigurationList section */
		CE2F1BB62283840500495B3A /* Build configuration list for PBXProject "Coin Jumo" */ = {
			isa = XCConfigurationList;
			buildConfigurations = (
				CE2F1BE72283840700495B3A /* Debug */,
				CE2F1BE82283840700495B3A /* Release */,
			);
			defaultConfigurationIsVisible = 0;
			defaultConfigurationName = Release;
		};
		CE2F1BE92283840700495B3A /* Build configuration list for PBXNativeTarget "Coin Jumo" */ = {
			isa = XCConfigurationList;
			buildConfigurations = (
				CE2F1BEA2283840700495B3A /* Debug */,
				CE2F1BEB2283840700495B3A /* Release */,
			);
			defaultConfigurationIsVisible = 0;
			defaultConfigurationName = Release;
		};
		CE2F1BEC2283840700495B3A /* Build configuration list for PBXNativeTarget "Coin JumoTests" */ = {
			isa = XCConfigurationList;
			buildConfigurations = (
				CE2F1BED2283840700495B3A /* Debug */,
				CE2F1BEE2283840700495B3A /* Release */,
			);
			defaultConfigurationIsVisible = 0;
			defaultConfigurationName = Release;
		};
		CE2F1BEF2283840700495B3A /* Build configuration list for PBXNativeTarget "Coin JumoUITests" */ = {
			isa = XCConfigurationList;
			buildConfigurations = (
				CE2F1BF02283840700495B3A /* Debug */,
				CE2F1BF12283840700495B3A /* Release */,
			);
			defaultConfigurationIsVisible = 0;
			defaultConfigurationName = Release;
		};
/* End XCConfigurationList section */
	};
	rootObject = CE2F1BB32283840500495B3A /* Project object */;
}
